
Microsoft Visual Studio Solution File, Format Version 12.00
# Visual Studio Version 17
VisualStudioVersion = 17.14.36301.6
MinimumVisualStudioVersion = 10.0.40219.1
Project("{FAE04EC0-301F-11D3-BF4B-00C04F79EFBC}") = "AOC", "AOC\AOC.csproj", "{E6B8B724-C027-48DE-B584-DB774379F199}"
EndProject
Project("{FAE04EC0-301F-11D3-BF4B-00C04F79EFBC}") = "AOCTest", "AOCTest\AOCTest.csproj", "{FC553392-2583-418D-B7DE-A36AD5AFEF41}"
EndProject
Global
	GlobalSection(SolutionConfigurationPlatforms) = preSolution
		Debug|Any CPU = Debug|Any CPU
		Release|Any CPU = Release|Any CPU
	EndGlobalSection
	GlobalSection(ProjectConfigurationPlatforms) = postSolution
		{E6B8B724-C027-48DE-B584-DB774379F199}.Debug|Any CPU.ActiveCfg = Debug|Any CPU
		{E6B8B724-C027-48DE-B584-DB774379F199}.Debug|Any CPU.Build.0 = Debug|Any CPU
		{E6B8B724-C027-48DE-B584-DB774379F199}.Release|Any CPU.ActiveCfg = Release|Any CPU
		{E6B8B724-C027-48DE-B584-DB774379F199}.Release|Any CPU.Build.0 = Release|Any CPU
		{FC553392-2583-418D-B7DE-A36AD5AFEF41}.Debug|Any CPU.ActiveCfg = Debug|Any CPU
		{FC553392-2583-418D-B7DE-A36AD5AFEF41}.Debug|Any CPU.Build.0 = Debug|Any CPU
		{FC553392-2583-418D-B7DE-A36AD5AFEF41}.Release|Any CPU.ActiveCfg = Release|Any CPU
		{FC553392-2583-418D-B7DE-A36AD5AFEF41}.Release|Any CPU.Build.0 = Release|Any CPU
	EndGlobalSection
	GlobalSection(SolutionProperties) = preSolution
		HideSolutionNode = FALSE
	EndGlobalSection
	GlobalSection(ExtensibilityGlobals) = postSolution
		SolutionGuid = {E28B4A03-4444-4733-AEFC-79938241ACE2}
	EndGlobalSection
EndGlobal
